
Microsoft Visual Studio Solution File, Format Version 12.00
# Visual Studio 15
Project("{FAE04EC0-301F-11D3-BF4B-00C04F79EFBC}") = "LightCli", "LightCli.csproj", "{81D24A28-541F-449A-B962-742FF2FC91F9}"
EndProject
Global
	GlobalSection(SolutionConfigurationPlatforms) = preSolution
		Debug|x86 = Debug|x86
		Release|x86 = Release|x86
	EndGlobalSection
	GlobalSection(ProjectConfigurationPlatforms) = postSolution
		{81D24A28-541F-449A-B962-742FF2FC91F9}.Debug|x86.ActiveCfg = Debug|x86
		{81D24A28-541F-449A-B962-742FF2FC91F9}.Debug|x86.Build.0 = Debug|x86
		{81D24A28-541F-449A-B962-742FF2FC91F9}.Release|x86.ActiveCfg = Release|x86
		{81D24A28-541F-449A-B962-742FF2FC91F9}.Release|x86.Build.0 = Release|x86
	EndGlobalSection
EndGlobal
